
Microsoft Visual Studio Solution File, Format Version 12.00
# Visual Studio Version 16
VisualStudioVersion = 16.0.30104.148
MinimumVisualStudioVersion = 10.0.40219.1
Project("{FAE04EC0-301F-11D3-BF4B-00C04F79EFBC}") = "concessionaria1.0", "concessionaria1.0\concessionaria1.0.csproj", "{A60D5BB3-E92E-4905-919C-D82BADB6D8C3}"
EndProject
Global
	GlobalSection(SolutionConfigurationPlatforms) = preSolution
		Debug|Any CPU = Debug|Any CPU
		Release|Any CPU = Release|Any CPU
	EndGlobalSection
	GlobalSection(ProjectConfigurationPlatforms) = postSolution
		{A60D5BB3-E92E-4905-919C-D82BADB6D8C3}.Debug|Any CPU.ActiveCfg = Debug|Any CPU
		{A60D5BB3-E92E-4905-919C-D82BADB6D8C3}.Debug|Any CPU.Build.0 = Debug|Any CPU
		{A60D5BB3-E92E-4905-919C-D82BADB6D8C3}.Release|Any CPU.ActiveCfg = Release|Any CPU
		{A60D5BB3-E92E-4905-919C-D82BADB6D8C3}.Release|Any CPU.Build.0 = Release|Any CPU
	EndGlobalSection
	GlobalSection(SolutionProperties) = preSolution
		HideSolutionNode = FALSE
	EndGlobalSection
	GlobalSection(ExtensibilityGlobals) = postSolution
		SolutionGuid = {A050349D-A671-421D-918C-FDAF24DABFC2}
	EndGlobalSection
EndGlobal
